
Microsoft Visual Studio Solution File, Format Version 12.00
# Visual Studio Version 17
VisualStudioVersion = 17.5.002.0
MinimumVisualStudioVersion = 10.0.40219.1
Project("{9A19103F-16F7-4668-BE54-9A1E7A4F7556}") = "ADSLabWeek7", "ADSLabWeek7.csproj", "{02B3180F-E813-444E-AE3D-CAFA72510CBE}"
EndProject
Global
	GlobalSection(SolutionConfigurationPlatforms) = preSolution
		Debug|Any CPU = Debug|Any CPU
		Release|Any CPU = Release|Any CPU
	EndGlobalSection
	GlobalSection(ProjectConfigurationPlatforms) = postSolution
		{02B3180F-E813-444E-AE3D-CAFA72510CBE}.Debug|Any CPU.ActiveCfg = Debug|Any CPU
		{02B3180F-E813-444E-AE3D-CAFA72510CBE}.Debug|Any CPU.Build.0 = Debug|Any CPU
		{02B3180F-E813-444E-AE3D-CAFA72510CBE}.Release|Any CPU.ActiveCfg = Release|Any CPU
		{02B3180F-E813-444E-AE3D-CAFA72510CBE}.Release|Any CPU.Build.0 = Release|Any CPU
	EndGlobalSection
	GlobalSection(SolutionProperties) = preSolution
		HideSolutionNode = FALSE
	EndGlobalSection
	GlobalSection(ExtensibilityGlobals) = postSolution
		SolutionGuid = {D3452FA7-9DAE-4A5C-938E-7352FB305650}
	EndGlobalSection
EndGlobal
